<?xml version="1.0" encoding="utf-8"?>
<Project ToolsVersion="4.0" xmlns="http://schemas.microsoft.com/developer/msbuild/2003">
  <ItemGroup>
    <Filter Include="Opal">
      <UniqueIdentifier>{D14A8A7C-BD81-8B0D-666E-71105284070F}</UniqueIdentifier>
    </Filter>
    <Filter Include="Opal\Events">
      <UniqueIdentifier>{95810772-0137-8067-8A2B-7A3EF6DF766B}</UniqueIdentifier>
    </Filter>
    <Filter Include="Opal\GraphicsAPI">
      <UniqueIdentifier>{AB0BC368-9704-E2BA-C036-C73FAC8EC1C6}</UniqueIdentifier>
    </Filter>
    <Filter Include="Opal\GraphicsAPI\OpenGL">
      <UniqueIdentifier>{7F86DE15-EBBD-26AD-F4C7-8AD0607E4DA6}</UniqueIdentifier>
    </Filter>
    <Filter Include="Opal\GraphicsAPI\OpenGL\opalgl">
      <UniqueIdentifier>{2DE933E7-190F-FE4D-0255-8319EE19231A}</UniqueIdentifier>
    </Filter>
    <Filter Include="Opal\GraphicsAPI\OpenGL\opalgl\include">
      <UniqueIdentifier>{A0ED7921-8C3F-5111-755E-8E21614F6AFA}</UniqueIdentifier>
    </Filter>
    <Filter Include="Opal\GraphicsAPI\OpenGL\opalgl\src">
      <UniqueIdentifier>{C4754AC4-B0B1-4D2E-19C4-6525051FF648}</UniqueIdentifier>
    </Filter>
    <Filter Include="Opal\Gui">
      <UniqueIdentifier>{A54E80FB-911B-DB06-BA34-C9AEA6601095}</UniqueIdentifier>
    </Filter>
    <Filter Include="Opal\Gui\src">
      <UniqueIdentifier>{3CD7BC4A-283A-4CEF-D1BF-84A5BD011872}</UniqueIdentifier>
    </Filter>
    <Filter Include="Opal\Platform">
      <UniqueIdentifier>{45420C2E-B102-8864-7A3D-D1E1E6BCCC40}</UniqueIdentifier>
    </Filter>
    <Filter Include="Opal\Platform\Windows">
      <UniqueIdentifier>{7F61C67A-EBCD-8175-B4C1-19D320EDA3DD}</UniqueIdentifier>
    </Filter>
  </ItemGroup>
  <ItemGroup>
    <ClInclude Include="src\Opal.h" />
    <ClInclude Include="src\Opal\Application.h">
      <Filter>Opal</Filter>
    </ClInclude>
    <ClInclude Include="src\Opal\Core.h">
      <Filter>Opal</Filter>
    </ClInclude>
    <ClInclude Include="src\Opal\Entrypoint.h">
      <Filter>Opal</Filter>
    </ClInclude>
    <ClInclude Include="src\Opal\Events\ApplicationEvent.h">
      <Filter>Opal\Events</Filter>
    </ClInclude>
    <ClInclude Include="src\Opal\Events\Event.h">
      <Filter>Opal\Events</Filter>
    </ClInclude>
    <ClInclude Include="src\Opal\Events\KeyEvent.h">
      <Filter>Opal\Events</Filter>
    </ClInclude>
    <ClInclude Include="src\Opal\Events\MouseEvent.h">
      <Filter>Opal\Events</Filter>
    </ClInclude>
    <ClInclude Include="src\Opal\GraphicsAPI\OpenGL\opalgl\include\opalgl.h">
      <Filter>Opal\GraphicsAPI\OpenGL\opalgl\include</Filter>
    </ClInclude>
    <ClInclude Include="src\Opal\Gui\GuiLayer.h">
      <Filter>Opal\Gui</Filter>
    </ClInclude>
    <ClInclude Include="src\Opal\Gui\src\UI.h">
      <Filter>Opal\Gui\src</Filter>
    </ClInclude>
    <ClInclude Include="src\Opal\Layer.h">
      <Filter>Opal</Filter>
    </ClInclude>
    <ClInclude Include="src\Opal\LayerStack.h">
      <Filter>Opal</Filter>
    </ClInclude>
    <ClInclude Include="src\Opal\Log.h">
      <Filter>Opal</Filter>
    </ClInclude>
    <ClInclude Include="src\Opal\OpalLog.h">
      <Filter>Opal</Filter>
    </ClInclude>
    <ClInclude Include="src\Opal\Platform\Windows\WindowsWindow.h">
      <Filter>Opal\Platform\Windows</Filter>
    </ClInclude>
    <ClInclude Include="src\Opal\Window.h">
      <Filter>Opal</Filter>
    </ClInclude>
    <ClInclude Include="src\opalpch.h" />
  </ItemGroup>
  <ItemGroup>
    <ClCompile Include="src\Opal\Application.cpp">
      <Filter>Opal</Filter>
    </ClCompile>
    <ClCompile Include="src\Opal\GraphicsAPI\OpenGL\opalgl\src\GLFL.cpp">
      <Filter>Opal\GraphicsAPI\OpenGL\opalgl\src</Filter>
    </ClCompile>
    <ClCompile Include="src\Opal\GraphicsAPI\OpenGL\opalgl\src\window_win.cpp">
      <Filter>Opal\GraphicsAPI\OpenGL\opalgl\src</Filter>
    </ClCompile>
    <ClCompile Include="src\Opal\Gui\GuiLayer.cpp">
      <Filter>Opal\Gui</Filter>
    </ClCompile>
    <ClCompile Include="src\Opal\Gui\src\UI.cpp">
      <Filter>Opal\Gui\src</Filter>
    </ClCompile>
    <ClCompile Include="src\Opal\Layer.cpp">
      <Filter>Opal</Filter>
    </ClCompile>
    <ClCompile Include="src\Opal\LayerStack.cpp">
      <Filter>Opal</Filter>
    </ClCompile>
    <ClCompile Include="src\Opal\Log.cpp">
      <Filter>Opal</Filter>
    </ClCompile>
    <ClCompile Include="src\Opal\OpalLog.cpp">
      <Filter>Opal</Filter>
    </ClCompile>
    <ClCompile Include="src\Opal\Platform\Windows\WindowsWindow.cpp">
      <Filter>Opal\Platform\Windows</Filter>
    </ClCompile>
    <ClCompile Include="src\opalpch.cpp" />
  </ItemGroup>
</Project>