<?xml version="1.0" encoding="utf-8"?>
<Project ToolsVersion="4.0" xmlns="http://schemas.microsoft.com/developer/msbuild/2003">
  <ItemGroup>
    <Filter Include="Opal">
      <UniqueIdentifier>{D14A8A7C-BD81-8B0D-666E-71105284070F}</UniqueIdentifier>
    </Filter>
    <Filter Include="Opal\Events">
      <UniqueIdentifier>{95810772-0137-8067-8A2B-7A3EF6DF766B}</UniqueIdentifier>
    </Filter>
    <Filter Include="Opal\Platform">
      <UniqueIdentifier>{45420C2E-B102-8864-7A3D-D1E1E6BCCC40}</UniqueIdentifier>
    </Filter>
    <Filter Include="Opal\Platform\Windows">
      <UniqueIdentifier>{7F61C67A-EBCD-8175-B4C1-19D320EDA3DD}</UniqueIdentifier>
    </Filter>
  </ItemGroup>
  <ItemGroup>
    <ClInclude Include="src\Opal.h" />
    <ClInclude Include="src\Opal\Application.h">
      <Filter>Opal</Filter>
    </ClInclude>
    <ClInclude Include="src\Opal\Core.h">
      <Filter>Opal</Filter>
    </ClInclude>
    <ClInclude Include="src\Opal\Entrypoint.h">
      <Filter>Opal</Filter>
    </ClInclude>
    <ClInclude Include="src\Opal\Events\ApplicationEvent.h">
      <Filter>Opal\Events</Filter>
    </ClInclude>
    <ClInclude Include="src\Opal\Events\Event.h">
      <Filter>Opal\Events</Filter>
    </ClInclude>
    <ClInclude Include="src\Opal\Events\KeyEvent.h">
      <Filter>Opal\Events</Filter>
    </ClInclude>
    <ClInclude Include="src\Opal\Events\MouseEvent.h">
      <Filter>Opal\Events</Filter>
    </ClInclude>
    <ClInclude Include="src\Opal\Log.h">
      <Filter>Opal</Filter>
    </ClInclude>
    <ClInclude Include="src\Opal\OpalLog.h">
      <Filter>Opal</Filter>
    </ClInclude>
    <ClInclude Include="src\Opal\Platform\Windows\WindowsWindow.h">
      <Filter>Opal\Platform\Windows</Filter>
    </ClInclude>
    <ClInclude Include="src\Opal\Window.h">
      <Filter>Opal</Filter>
    </ClInclude>
    <ClInclude Include="src\opalpch.h" />
  </ItemGroup>
  <ItemGroup>
    <ClCompile Include="src\Opal\Application.cpp">
      <Filter>Opal</Filter>
    </ClCompile>
    <ClCompile Include="src\Opal\Log.cpp">
      <Filter>Opal</Filter>
    </ClCompile>
    <ClCompile Include="src\Opal\OpalLog.cpp">
      <Filter>Opal</Filter>
    </ClCompile>
    <ClCompile Include="src\Opal\Platform\Windows\WindowsWindow.cpp">
      <Filter>Opal\Platform\Windows</Filter>
    </ClCompile>
    <ClCompile Include="src\opalpch.cpp" />
  </ItemGroup>
</Project>